<?xml version="1.0" encoding="UTF-8"?>
<Scheme
   LastUpgradeVersion = "0700"
   version = "1.3">
   <BuildAction
      parallelizeBuildables = "YES"
      buildImplicitDependencies = "YES">
      <BuildActionEntries>
         <BuildActionEntry
            buildForAnalyzing = "YES"
            buildForTesting = "YES"
            buildForRunning = "YES"
            buildForProfiling = "YES"
            buildForArchiving = "YES">
            <BuildableReference
               BuildableIdentifier = 'primary'
               BlueprintIdentifier = 'A97418BACCA96FD159272B6A'
               BlueprintName = 'GitRepos2'
               ReferencedContainer = 'container:GitRepos2.xcodeproj'
               BuildableName = 'GitRepos2.app'>
            </BuildableReference>
         </BuildActionEntry>
      </BuildActionEntries>
   </BuildAction>
   <TestAction
      selectedDebuggerIdentifier = "Xcode.DebuggerFoundation.Debugger.LLDB"
      selectedLauncherIdentifier = "Xcode.DebuggerFoundation.Launcher.LLDB"
      shouldUseLaunchSchemeArgsEnv = "YES"
      buildConfiguration = "Debug">
      <AdditionalOptions>
      </AdditionalOptions>
      <Testables>
         <TestableReference
            skipped = "NO">
            <BuildableReference
               BuildableIdentifier = 'primary'
               BlueprintIdentifier = 'AF0F4E6AC5BB2847C9C1044C'
               BlueprintName = 'UnitTests'
               ReferencedContainer = 'container:GitRepos2.xcodeproj'
               BuildableName = 'UnitTests.bundle'>
            </BuildableReference>
         </TestableReference>
      </Testables>
      <MacroExpansion>
         <BuildableReference
            BuildableIdentifier = 'primary'
            BlueprintIdentifier = 'A97418BACCA96FD159272B6A'
            BlueprintName = 'GitRepos2'
            ReferencedContainer = 'container:GitRepos2.xcodeproj'
            BuildableName = 'GitRepos2.app'>
         </BuildableReference>
      </MacroExpansion>
   </TestAction>
   <LaunchAction
      selectedDebuggerIdentifier = "Xcode.DebuggerFoundation.Debugger.LLDB"
      selectedLauncherIdentifier = "Xcode.DebuggerFoundation.Launcher.LLDB"
      launchStyle = "0"
      useCustomWorkingDirectory = "NO"
      ignoresPersistentStateOnLaunch = "NO"
      debugDocumentVersioning = "YES"
      debugServiceExtension = "internal"
      buildConfiguration = "Debug"
      allowLocationSimulation = "YES">
      <AdditionalOptions>
      </AdditionalOptions>
      <BuildableProductRunnable
         runnableDebuggingMode = "0">
         <BuildableReference
            BuildableIdentifier = 'primary'
            BlueprintIdentifier = 'A97418BACCA96FD159272B6A'
            BlueprintName = 'GitRepos2'
            ReferencedContainer = 'container:GitRepos2.xcodeproj'
            BuildableName = 'GitRepos2.app'>
         </BuildableReference>
      </BuildableProductRunnable>
   </LaunchAction>
   <ProfileAction
      savedToolIdentifier = ""
      useCustomWorkingDirectory = "NO"
      debugDocumentVersioning = "YES"
      buildConfiguration = "Release"
      shouldUseLaunchSchemeArgsEnv = "YES">
      <BuildableProductRunnable>
         <BuildableReference
            BuildableIdentifier = 'primary'
            BlueprintIdentifier = 'A97418BACCA96FD159272B6A'
            BlueprintName = 'GitRepos2'
            ReferencedContainer = 'container:GitRepos2.xcodeproj'
            BuildableName = 'GitRepos2.app'>
         </BuildableReference>
      </BuildableProductRunnable>
   </ProfileAction>
   <AnalyzeAction
      buildConfiguration = "Debug">
   </AnalyzeAction>
   <ArchiveAction
      buildConfiguration = "Release"
      revealArchiveInOrganizer = "YES">
   </ArchiveAction>
</Scheme>
